
Microsoft Visual Studio Solution File, Format Version 12.00
# Visual Studio Version 16
VisualStudioVersion = 16.0.29911.84
MinimumVisualStudioVersion = 10.0.40219.1
Project("{FAE04EC0-301F-11D3-BF4B-00C04F79EFBC}") = "GestionBug.WebSite", "GestionBug.WebSite\GestionBug.WebSite.csproj", "{DEF2340F-51B0-4CE9-B404-F2ECC0DB3127}"
EndProject
Project("{FAE04EC0-301F-11D3-BF4B-00C04F79EFBC}") = "GestionBug.DB", "GestionBug.DB\GestionBug.DB.csproj", "{4A00EF3D-81A5-44C6-A3FE-CC5F41E1B9F8}"
EndProject
Global
	GlobalSection(SolutionConfigurationPlatforms) = preSolution
		Debug|Any CPU = Debug|Any CPU
		Release|Any CPU = Release|Any CPU
	EndGlobalSection
	GlobalSection(ProjectConfigurationPlatforms) = postSolution
		{DEF2340F-51B0-4CE9-B404-F2ECC0DB3127}.Debug|Any CPU.ActiveCfg = Debug|Any CPU
		{DEF2340F-51B0-4CE9-B404-F2ECC0DB3127}.Debug|Any CPU.Build.0 = Debug|Any CPU
		{DEF2340F-51B0-4CE9-B404-F2ECC0DB3127}.Release|Any CPU.ActiveCfg = Release|Any CPU
		{DEF2340F-51B0-4CE9-B404-F2ECC0DB3127}.Release|Any CPU.Build.0 = Release|Any CPU
		{4A00EF3D-81A5-44C6-A3FE-CC5F41E1B9F8}.Debug|Any CPU.ActiveCfg = Debug|Any CPU
		{4A00EF3D-81A5-44C6-A3FE-CC5F41E1B9F8}.Debug|Any CPU.Build.0 = Debug|Any CPU
		{4A00EF3D-81A5-44C6-A3FE-CC5F41E1B9F8}.Release|Any CPU.ActiveCfg = Release|Any CPU
		{4A00EF3D-81A5-44C6-A3FE-CC5F41E1B9F8}.Release|Any CPU.Build.0 = Release|Any CPU
	EndGlobalSection
	GlobalSection(SolutionProperties) = preSolution
		HideSolutionNode = FALSE
	EndGlobalSection
	GlobalSection(ExtensibilityGlobals) = postSolution
		SolutionGuid = {3E1F508A-1EDF-40C3-9610-B855E538B00F}
	EndGlobalSection
EndGlobal
